{
	"name": "@fathym-it/forge",
	"version": "0.0.93",
	"lockfileVersion": 1,
	"requires": true,
	"dependencies": {
		"@lcu-ide/common": {
			"version": "0.1.352-limit-connection-attempts",
			"resolved": "https://registry.npmjs.org/@lcu-ide/common/-/common-0.1.352-limit-connection-attempts.tgz",
			"integrity": "sha512-0dBYSCWjyCstSwSIaWMon7vOTRM/UGzZHkCc/ZkhvbPWDA5fW4pkbIveRe2hV72G0h1G2Dp2XrQcc+YaBeJ1KQ==",
			"requires": {
				"tslib": "^1.9.0"
			},
			"dependencies": {
				"tslib": {
					"version": "1.9.3",
					"resolved": "https://registry.npmjs.org/tslib/-/tslib-1.9.3.tgz",
					"integrity": "sha512-4krF8scpejhaOgqzBEcGM7yDIEfi0/8+8zDRZhNZZ2kjmHJ4hv3zCbQWxoJGz1iw5U0Jl0nma13xzHXcncMavQ=="
				}
			}
		},
		"@lcu-ide/dynamic-wizard-common": {
			"version": "0.1.23-dynamic-wizard",
			"resolved": "https://registry.npmjs.org/@lcu-ide/dynamic-wizard-common/-/dynamic-wizard-common-0.1.23-dynamic-wizard.tgz",
			"integrity": "sha512-wtJ7Qu27Dd8gzgPo2hPJ1fmzJMT6ZmWElyIaf7SNYhKgrzRWW8D7hyEi7tDkVduJj6Cwshj5fcf5jLfpHcUrTw==",
			"requires": {
				"tslib": "^1.9.0"
			},
			"dependencies": {
				"tslib": {
					"version": "1.9.3",
					"resolved": "https://registry.npmjs.org/tslib/-/tslib-1.9.3.tgz",
					"integrity": "sha512-4krF8scpejhaOgqzBEcGM7yDIEfi0/8+8zDRZhNZZ2kjmHJ4hv3zCbQWxoJGz1iw5U0Jl0nma13xzHXcncMavQ=="
				}
			}
		},
		"@weather-cloud/common": {
			"version": "0.1.1549-integration",
			"resolved": "https://registry.npmjs.org/@weather-cloud/common/-/common-0.1.1549-integration.tgz",
			"integrity": "sha512-Ax6w8F+ltc8zZkL6YSJdpUik76L/1S+fnCI+qBa87ge5TMNnIF+bNIsqkywATfUH6cQLQvJOmJxLR2nD1xy/Cw==",
			"requires": {
				"tslib": "^1.9.0"
			},
			"dependencies": {
				"tslib": {
					"version": "1.9.3",
					"resolved": "https://registry.npmjs.org/tslib/-/tslib-1.9.3.tgz",
					"integrity": "sha512-4krF8scpejhaOgqzBEcGM7yDIEfi0/8+8zDRZhNZZ2kjmHJ4hv3zCbQWxoJGz1iw5U0Jl0nma13xzHXcncMavQ=="
				}
			}
		},
		"@weather-cloud/lcu-el-departure-table": {
			"version": "0.1.1549-integration",
			"resolved": "https://registry.npmjs.org/@weather-cloud/lcu-el-departure-table/-/lcu-el-departure-table-0.1.1549-integration.tgz",
			"integrity": "sha512-dMpRdrVpXqhjz6YCc1a0N0HtXd07bKVy/6xY3blP9W9SH+gp63pvPQ9y7eiWVSIAC5zPiAvLHykzZivh2qcoiQ==",
			"requires": {
				"tslib": "^1.9.0"
			},
			"dependencies": {
				"tslib": {
					"version": "1.9.3",
					"resolved": "https://registry.npmjs.org/tslib/-/tslib-1.9.3.tgz",
					"integrity": "sha512-4krF8scpejhaOgqzBEcGM7yDIEfi0/8+8zDRZhNZZ2kjmHJ4hv3zCbQWxoJGz1iw5U0Jl0nma13xzHXcncMavQ=="
				}
			}
		},
		"@weather-cloud/lcu-el-wc-delay-risk": {
			"version": "0.1.1549-integration",
			"resolved": "https://registry.npmjs.org/@weather-cloud/lcu-el-wc-delay-risk/-/lcu-el-wc-delay-risk-0.1.1549-integration.tgz",
			"integrity": "sha512-mxaVQJ71X+18TzZoLYYVkRbtKfS22qnVGR8cl4DbUoeJ85md/w8IvK4vM8s+xgXjPBFbYh+9NJLMW4BfekXTsg==",
			"requires": {
				"tslib": "^1.9.0"
			},
			"dependencies": {
				"tslib": {
					"version": "1.9.3",
					"resolved": "https://registry.npmjs.org/tslib/-/tslib-1.9.3.tgz",
					"integrity": "sha512-4krF8scpejhaOgqzBEcGM7yDIEfi0/8+8zDRZhNZZ2kjmHJ4hv3zCbQWxoJGz1iw5U0Jl0nma13xzHXcncMavQ=="
				}
			}
		},
		"@weather-cloud/lcu-el-wc-forecast-plots": {
			"version": "0.1.1549-integration",
			"resolved": "https://registry.npmjs.org/@weather-cloud/lcu-el-wc-forecast-plots/-/lcu-el-wc-forecast-plots-0.1.1549-integration.tgz",
			"integrity": "sha512-C7LQGpjSP60l5jhbd6YTeFtKXIWbr5tj3qeAeR79E9yfvto0AKBk24qZ9cGxAWWPy4eqQVD/6finhbveyUiffw==",
			"requires": {
				"tslib": "^1.9.0"
			},
			"dependencies": {
				"tslib": {
					"version": "1.9.3",
					"resolved": "https://registry.npmjs.org/tslib/-/tslib-1.9.3.tgz",
					"integrity": "sha512-4krF8scpejhaOgqzBEcGM7yDIEfi0/8+8zDRZhNZZ2kjmHJ4hv3zCbQWxoJGz1iw5U0Jl0nma13xzHXcncMavQ=="
				}
			}
		},
		"@weather-cloud/lcu-el-wc-route-map": {
			"version": "0.1.1549-integration",
			"resolved": "https://registry.npmjs.org/@weather-cloud/lcu-el-wc-route-map/-/lcu-el-wc-route-map-0.1.1549-integration.tgz",
			"integrity": "sha512-05Uhla47WEu7wc3QZijKfNERPxJOvHp8ejGv8JHJRFPTxNz0xqQMrf3pxnaove1FE+o5rZB2VcrII834QU98qw==",
			"requires": {
				"tslib": "^1.9.0"
			},
			"dependencies": {
				"tslib": {
					"version": "1.9.3",
					"resolved": "https://registry.npmjs.org/tslib/-/tslib-1.9.3.tgz",
					"integrity": "sha512-4krF8scpejhaOgqzBEcGM7yDIEfi0/8+8zDRZhNZZ2kjmHJ4hv3zCbQWxoJGz1iw5U0Jl0nma13xzHXcncMavQ=="
				}
			}
		},
		"@weather-cloud/lcu-el-wc-search-form": {
			"version": "0.1.1549-integration",
			"resolved": "https://registry.npmjs.org/@weather-cloud/lcu-el-wc-search-form/-/lcu-el-wc-search-form-0.1.1549-integration.tgz",
			"integrity": "sha512-S4xfF3VUzwNx6NmKd71BmiyPvPpNCkFS9yhblK9ZhDVh9Gizuq6eRXsO4UaazW6pFxOQdvZ/F6iuj7A8o844Cw==",
			"requires": {
				"tslib": "^1.9.0"
			},
			"dependencies": {
				"tslib": {
					"version": "1.9.3",
					"resolved": "https://registry.npmjs.org/tslib/-/tslib-1.9.3.tgz",
					"integrity": "sha512-4krF8scpejhaOgqzBEcGM7yDIEfi0/8+8zDRZhNZZ2kjmHJ4hv3zCbQWxoJGz1iw5U0Jl0nma13xzHXcncMavQ=="
				}
			}
		},
		"@weather-cloud/lcu-sln-weather-cloud": {
			"version": "0.1.1549-integration",
			"resolved": "https://registry.npmjs.org/@weather-cloud/lcu-sln-weather-cloud/-/lcu-sln-weather-cloud-0.1.1549-integration.tgz",
			"integrity": "sha512-thK5PPQd2F5Z3/rKaqjMMQ5n8AronWHvJOykpzIVqNIcG6ed3ChI4vBThymhQKr+jfOaPzN9WGcCIRp/7+UX7Q==",
			"requires": {
				"tslib": "^1.9.0"
			},
			"dependencies": {
				"tslib": {
					"version": "1.9.3",
					"resolved": "https://registry.npmjs.org/tslib/-/tslib-1.9.3.tgz",
					"integrity": "sha512-4krF8scpejhaOgqzBEcGM7yDIEfi0/8+8zDRZhNZZ2kjmHJ4hv3zCbQWxoJGz1iw5U0Jl0nma13xzHXcncMavQ=="
				}
			}
		}
	}
}
