{
	"name": "@fathym-it/forge",
	"version": "0.0.93",
	"lockfileVersion": 1,
	"requires": true,
	"dependencies": {
		"@lcu-ide/common": {
			"version": "0.1.352-limit-connection-attempts",
			"resolved": "https://registry.npmjs.org/@lcu-ide/common/-/common-0.1.352-limit-connection-attempts.tgz",
			"integrity": "sha512-0dBYSCWjyCstSwSIaWMon7vOTRM/UGzZHkCc/ZkhvbPWDA5fW4pkbIveRe2hV72G0h1G2Dp2XrQcc+YaBeJ1KQ==",
			"requires": {
				"tslib": "^1.9.0"
			},
			"dependencies": {
				"tslib": {
					"version": "1.9.3",
					"resolved": "https://registry.npmjs.org/tslib/-/tslib-1.9.3.tgz",
					"integrity": "sha512-4krF8scpejhaOgqzBEcGM7yDIEfi0/8+8zDRZhNZZ2kjmHJ4hv3zCbQWxoJGz1iw5U0Jl0nma13xzHXcncMavQ=="
				}
			}
		},
		"@lcu-ide/dynamic-wizard-common": {
			"version": "0.1.23-dynamic-wizard",
			"resolved": "https://registry.npmjs.org/@lcu-ide/dynamic-wizard-common/-/dynamic-wizard-common-0.1.23-dynamic-wizard.tgz",
			"integrity": "sha512-wtJ7Qu27Dd8gzgPo2hPJ1fmzJMT6ZmWElyIaf7SNYhKgrzRWW8D7hyEi7tDkVduJj6Cwshj5fcf5jLfpHcUrTw==",
			"requires": {
				"tslib": "^1.9.0"
			},
			"dependencies": {
				"tslib": {
					"version": "1.9.3",
					"resolved": "https://registry.npmjs.org/tslib/-/tslib-1.9.3.tgz",
					"integrity": "sha512-4krF8scpejhaOgqzBEcGM7yDIEfi0/8+8zDRZhNZZ2kjmHJ4hv3zCbQWxoJGz1iw5U0Jl0nma13xzHXcncMavQ=="
				}
			}
		}
	}
}
